
Microsoft Visual Studio Solution File, Format Version 12.00
# Visual Studio 14
VisualStudioVersion = 14.0.23107.0
MinimumVisualStudioVersion = 10.0.40219.1
Project("{FAE04EC0-301F-11D3-BF4B-00C04F79EFBC}") = "BankAccountApplication", "BankAccountApplication\BankAccountApplication.csproj", "{3AADD755-5F7F-4987-AF33-AE1E33F47943}"
EndProject
Project("{FAE04EC0-301F-11D3-BF4B-00C04F79EFBC}") = "BankAccountClass", "BankAccountClass\BankAccountClass.csproj", "{22FFC231-78AA-4825-93B6-F42E73ACB88C}"
EndProject
Global
	GlobalSection(SolutionConfigurationPlatforms) = preSolution
		Debug|Any CPU = Debug|Any CPU
		Release|Any CPU = Release|Any CPU
	EndGlobalSection
	GlobalSection(ProjectConfigurationPlatforms) = postSolution
		{3AADD755-5F7F-4987-AF33-AE1E33F47943}.Debug|Any CPU.ActiveCfg = Debug|Any CPU
		{3AADD755-5F7F-4987-AF33-AE1E33F47943}.Debug|Any CPU.Build.0 = Debug|Any CPU
		{3AADD755-5F7F-4987-AF33-AE1E33F47943}.Release|Any CPU.ActiveCfg = Release|Any CPU
		{3AADD755-5F7F-4987-AF33-AE1E33F47943}.Release|Any CPU.Build.0 = Release|Any CPU
		{22FFC231-78AA-4825-93B6-F42E73ACB88C}.Debug|Any CPU.ActiveCfg = Debug|Any CPU
		{22FFC231-78AA-4825-93B6-F42E73ACB88C}.Debug|Any CPU.Build.0 = Debug|Any CPU
		{22FFC231-78AA-4825-93B6-F42E73ACB88C}.Release|Any CPU.ActiveCfg = Release|Any CPU
		{22FFC231-78AA-4825-93B6-F42E73ACB88C}.Release|Any CPU.Build.0 = Release|Any CPU
	EndGlobalSection
	GlobalSection(SolutionProperties) = preSolution
		HideSolutionNode = FALSE
	EndGlobalSection
EndGlobal
